
Microsoft Visual Studio Solution File, Format Version 12.00
# Visual Studio Version 17
VisualStudioVersion = 17.9.34728.123
MinimumVisualStudioVersion = 10.0.40219.1
Project("{FAE04EC0-301F-11D3-BF4B-00C04F79EFBC}") = "calendar", "calendar\calendar.csproj", "{D781D233-37CF-4753-9915-227EC360A186}"
EndProject
Global
	GlobalSection(SolutionConfigurationPlatforms) = preSolution
		Debug|Any CPU = Debug|Any CPU
		Release|Any CPU = Release|Any CPU
	EndGlobalSection
	GlobalSection(ProjectConfigurationPlatforms) = postSolution
		{D781D233-37CF-4753-9915-227EC360A186}.Debug|Any CPU.ActiveCfg = Debug|Any CPU
		{D781D233-37CF-4753-9915-227EC360A186}.Debug|Any CPU.Build.0 = Debug|Any CPU
		{D781D233-37CF-4753-9915-227EC360A186}.Release|Any CPU.ActiveCfg = Release|Any CPU
		{D781D233-37CF-4753-9915-227EC360A186}.Release|Any CPU.Build.0 = Release|Any CPU
	EndGlobalSection
	GlobalSection(SolutionProperties) = preSolution
		HideSolutionNode = FALSE
	EndGlobalSection
	GlobalSection(ExtensibilityGlobals) = postSolution
		SolutionGuid = {BD587365-0984-4DBB-8BEF-7BF6461E6F67}
	EndGlobalSection
EndGlobal
